Microsoft Visual Studio Solution File, Format Version 11.00
# Visual Studio 2008

Project("{1D403CD0-0390-1494-C8D4-8EFCD1D3589F}") = "LocalPushTest", "Assembly-CSharp.csproj", "{9EDE2BAD-AF25-8749-ECB9-2E27E0266F26}"
EndProject
Global
	GlobalSection(SolutionConfigurationPlatforms) = preSolution
		Debug|Any CPU = Debug|Any CPU
		Release|Any CPU = Release|Any CPU
	EndGlobalSection
	GlobalSection(ProjectConfigurationPlatforms) = postSolution
		{9EDE2BAD-AF25-8749-ECB9-2E27E0266F26}.Debug|Any CPU.ActiveCfg = Debug|Any CPU
		{9EDE2BAD-AF25-8749-ECB9-2E27E0266F26}.Debug|Any CPU.Build.0 = Debug|Any CPU
		{9EDE2BAD-AF25-8749-ECB9-2E27E0266F26}.Release|Any CPU.ActiveCfg = Release|Any CPU
		{9EDE2BAD-AF25-8749-ECB9-2E27E0266F26}.Release|Any CPU.Build.0 = Release|Any CPU
	EndGlobalSection
	GlobalSection(SolutionProperties) = preSolution
		HideSolutionNode = FALSE
	EndGlobalSection
	GlobalSection(MonoDevelopProperties) = preSolution
		StartupItem = Assembly-CSharp.csproj
	EndGlobalSection
EndGlobal
